
Microsoft Visual Studio Solution File, Format Version 12.00
# Visual Studio Version 17
VisualStudioVersion = 17.4.33205.214
MinimumVisualStudioVersion = 10.0.40219.1
Project("{9A19103F-16F7-4668-BE54-9A1E7A4F7556}") = "BotNetServer", "BotNetServer\BotNetServer.csproj", "{9E108BE0-2F92-4DB2-9957-69F9429EB13A}"
EndProject
Project("{9A19103F-16F7-4668-BE54-9A1E7A4F7556}") = "BotNetClient", "..\BotNetClient\BotNetClient\BotNetClient.csproj", "{6F039283-B19B-4327-AC97-4EE66B60BE0E}"
EndProject
Project("{FAE04EC0-301F-11D3-BF4B-00C04F79EFBC}") = "BotnetController", "..\BotnetController\BotnetController.csproj", "{5D9C12F8-D3DB-4067-80F1-CEDB381BF4E6}"
EndProject
Global
	GlobalSection(SolutionConfigurationPlatforms) = preSolution
		Debug|Any CPU = Debug|Any CPU
		Release|Any CPU = Release|Any CPU
	EndGlobalSection
	GlobalSection(ProjectConfigurationPlatforms) = postSolution
		{9E108BE0-2F92-4DB2-9957-69F9429EB13A}.Debug|Any CPU.ActiveCfg = Debug|Any CPU
		{9E108BE0-2F92-4DB2-9957-69F9429EB13A}.Debug|Any CPU.Build.0 = Debug|Any CPU
		{9E108BE0-2F92-4DB2-9957-69F9429EB13A}.Release|Any CPU.ActiveCfg = Release|Any CPU
		{9E108BE0-2F92-4DB2-9957-69F9429EB13A}.Release|Any CPU.Build.0 = Release|Any CPU
		{6F039283-B19B-4327-AC97-4EE66B60BE0E}.Debug|Any CPU.ActiveCfg = Debug|Any CPU
		{6F039283-B19B-4327-AC97-4EE66B60BE0E}.Debug|Any CPU.Build.0 = Debug|Any CPU
		{6F039283-B19B-4327-AC97-4EE66B60BE0E}.Release|Any CPU.ActiveCfg = Release|Any CPU
		{6F039283-B19B-4327-AC97-4EE66B60BE0E}.Release|Any CPU.Build.0 = Release|Any CPU
		{5D9C12F8-D3DB-4067-80F1-CEDB381BF4E6}.Debug|Any CPU.ActiveCfg = Debug|Any CPU
		{5D9C12F8-D3DB-4067-80F1-CEDB381BF4E6}.Debug|Any CPU.Build.0 = Debug|Any CPU
		{5D9C12F8-D3DB-4067-80F1-CEDB381BF4E6}.Release|Any CPU.ActiveCfg = Release|Any CPU
		{5D9C12F8-D3DB-4067-80F1-CEDB381BF4E6}.Release|Any CPU.Build.0 = Release|Any CPU
	EndGlobalSection
	GlobalSection(SolutionProperties) = preSolution
		HideSolutionNode = FALSE
	EndGlobalSection
	GlobalSection(ExtensibilityGlobals) = postSolution
		SolutionGuid = {6DE73E3A-628B-431C-ADE8-7EC7AB4DE878}
	EndGlobalSection
EndGlobal
